// !$*UTF8*$!
{
	archiveVersion = 1;
	classes = {
	};
	objectVersion = 48;
	objects = {

/* Begin PBXBuildFile section */
		A801F7F8205F47C500E66BD1 /* CustomViewController.swift in Sources */ = {isa = PBXBuildFile; fileRef = A801F7F7205F47C500E66BD1 /* CustomViewController.swift */; };
		A801F7FA205F874200E66BD1 /* FirstViewController.swift in Sources */ = {isa = PBXBuildFile; fileRef = A801F7F9205F874200E66BD1 /* FirstViewController.swift */; };
		A81F4738207354D600BEDBAF /* SecondController.swift in Sources */ = {isa = PBXBuildFile; fileRef = A81F4737207354D600BEDBAF /* SecondController.swift */; };
		A823155720527B24007527E4 /* AppDelegate.swift in Sources */ = {isa = PBXBuildFile; fileRef = A823155620527B24007527E4 /* AppDelegate.swift */; };
		A823155920527B24007527E4 /* ViewController.swift in Sources */ = {isa = PBXBuildFile; fileRef = A823155820527B24007527E4 /* ViewController.swift */; };
		A823155C20527B24007527E4 /* Main.storyboard in Resources */ = {isa = PBXBuildFile; fileRef = A823155A20527B24007527E4 /* Main.storyboard */; };
		A823155F20527B24007527E4 /* PageControllerExample.xcdatamodeld in Sources */ = {isa = PBXBuildFile; fileRef = A823155D20527B24007527E4 /* PageControllerExample.xcdatamodeld */; };
		A823156120527B24007527E4 /* Assets.xcassets in Resources */ = {isa = PBXBuildFile; fileRef = A823156020527B24007527E4 /* Assets.xcassets */; };
		A823156420527B24007527E4 /* LaunchScreen.storyboard in Resources */ = {isa = PBXBuildFile; fileRef = A823156220527B24007527E4 /* LaunchScreen.storyboard */; };
		A823156F20527B24007527E4 /* PageControllerExampleTests.swift in Sources */ = {isa = PBXBuildFile; fileRef = A823156E20527B24007527E4 /* PageControllerExampleTests.swift */; };
		A823157A20527B24007527E4 /* PageControllerExampleUITests.swift in Sources */ = {isa = PBXBuildFile; fileRef = A823157920527B24007527E4 /* PageControllerExampleUITests.swift */; };
		A86857D62071D273000A3DEB /* ExampleController.swift in Sources */ = {isa = PBXBuildFile; fileRef = A86857D52071D273000A3DEB /* ExampleController.swift */; };
		C37B530322115B6500FB2A1E /* PageController.swift in Sources */ = {isa = PBXBuildFile; fileRef = C37B52FD22115B6500FB2A1E /* PageController.swift */; };
		C37B530422115B6500FB2A1E /* ProtocolMethod.swift in Sources */ = {isa = PBXBuildFile; fileRef = C37B52FE22115B6500FB2A1E /* ProtocolMethod.swift */; };
		C37B530522115B6500FB2A1E /* EnumConfiguration.swift in Sources */ = {isa = PBXBuildFile; fileRef = C37B52FF22115B6500FB2A1E /* EnumConfiguration.swift */; };
		C37B530622115B6500FB2A1E /* ProgressView.swift in Sources */ = {isa = PBXBuildFile; fileRef = C37B530022115B6500FB2A1E /* ProgressView.swift */; };
		C37B530722115B6500FB2A1E /* MenuItem.swift in Sources */ = {isa = PBXBuildFile; fileRef = C37B530122115B6500FB2A1E /* MenuItem.swift */; };
		C37B530822115B6500FB2A1E /* MenuView.swift in Sources */ = {isa = PBXBuildFile; fileRef = C37B530222115B6500FB2A1E /* MenuView.swift */; };
		C5DB3BF67C85F1F456357D15 /* Pods_PageControllerExample.framework in Frameworks */ = {isa = PBXBuildFile; fileRef = CD2453CE668F40E89618B12D /* Pods_PageControllerExample.framework */; };
/* End PBXBuildFile section */

/* Begin PBXContainerItemProxy section */
		A823156B20527B24007527E4 /* PBXContainerItemProxy */ = {
			isa = PBXContainerItemProxy;
			containerPortal = A823154B20527B24007527E4 /* Project object */;
			proxyType = 1;
			remoteGlobalIDString = A823155220527B24007527E4;
			remoteInfo = PageControllerExample;
		};
		A823157620527B24007527E4 /* PBXContainerItemProxy */ = {
			isa = PBXContainerItemProxy;
			containerPortal = A823154B20527B24007527E4 /* Project object */;
			proxyType = 1;
			remoteGlobalIDString = A823155220527B24007527E4;
			remoteInfo = PageControllerExample;
		};
/* End PBXContainerItemProxy section */

/* Begin PBXFileReference section */
		A801F7F7205F47C500E66BD1 /* CustomViewController.swift */ = {isa = PBXFileReference; lastKnownFileType = sourcecode.swift; path = CustomViewController.swift; sourceTree = "<group>"; };
		A801F7F9205F874200E66BD1 /* FirstViewController.swift */ = {isa = PBXFileReference; lastKnownFileType = sourcecode.swift; path = FirstViewController.swift; sourceTree = "<group>"; };
		A81F4737207354D600BEDBAF /* SecondController.swift */ = {isa = PBXFileReference; lastKnownFileType = sourcecode.swift; path = SecondController.swift; sourceTree = "<group>"; };
		A823155320527B24007527E4 /* PageControllerExample.app */ = {isa = PBXFileReference; explicitFileType = wrapper.application; includeInIndex = 0; path = PageControllerExample.app; sourceTree = BUILT_PRODUCTS_DIR; };
		A823155620527B24007527E4 /* AppDelegate.swift */ = {isa = PBXFileReference; lastKnownFileType = sourcecode.swift; path = AppDelegate.swift; sourceTree = "<group>"; };
		A823155820527B24007527E4 /* ViewController.swift */ = {isa = PBXFileReference; lastKnownFileType = sourcecode.swift; path = ViewController.swift; sourceTree = "<group>"; };
		A823155B20527B24007527E4 /* Base */ = {isa = PBXFileReference; lastKnownFileType = file.storyboard; name = Base; path = Base.lproj/Main.storyboard; sourceTree = "<group>"; };
		A823155E20527B24007527E4 /* PageControllerExample.xcdatamodel */ = {isa = PBXFileReference; lastKnownFileType = wrapper.xcdatamodel; path = PageControllerExample.xcdatamodel; sourceTree = "<group>"; };
		A823156020527B24007527E4 /* Assets.xcassets */ = {isa = PBXFileReference; lastKnownFileType = folder.assetcatalog; path = Assets.xcassets; sourceTree = "<group>"; };
		A823156320527B24007527E4 /* Base */ = {isa = PBXFileReference; lastKnownFileType = file.storyboard; name = Base; path = Base.lproj/LaunchScreen.storyboard; sourceTree = "<group>"; };
		A823156520527B24007527E4 /* Info.plist */ = {isa = PBXFileReference; lastKnownFileType = text.plist.xml; path = Info.plist; sourceTree = "<group>"; };
		A823156A20527B24007527E4 /* PageControllerExampleTests.xctest */ = {isa = PBXFileReference; explicitFileType = wrapper.cfbundle; includeInIndex = 0; path = PageControllerExampleTests.xctest; sourceTree = BUILT_PRODUCTS_DIR; };
		A823156E20527B24007527E4 /* PageControllerExampleTests.swift */ = {isa = PBXFileReference; lastKnownFileType = sourcecode.swift; path = PageControllerExampleTests.swift; sourceTree = "<group>"; };
		A823157020527B24007527E4 /* Info.plist */ = {isa = PBXFileReference; lastKnownFileType = text.plist.xml; path = Info.plist; sourceTree = "<group>"; };
		A823157520527B24007527E4 /* PageControllerExampleUITests.xctest */ = {isa = PBXFileReference; explicitFileType = wrapper.cfbundle; includeInIndex = 0; path = PageControllerExampleUITests.xctest; sourceTree = BUILT_PRODUCTS_DIR; };
		A823157920527B24007527E4 /* PageControllerExampleUITests.swift */ = {isa = PBXFileReference; lastKnownFileType = sourcecode.swift; path = PageControllerExampleUITests.swift; sourceTree = "<group>"; };
		A823157B20527B24007527E4 /* Info.plist */ = {isa = PBXFileReference; lastKnownFileType = text.plist.xml; path = Info.plist; sourceTree = "<group>"; };
		A86857D52071D273000A3DEB /* ExampleController.swift */ = {isa = PBXFileReference; lastKnownFileType = sourcecode.swift; path = ExampleController.swift; sourceTree = "<group>"; };
		B02A6FEC9CA6F4E93AF8F71F /* Pods-PageControllerExample.release.xcconfig */ = {isa = PBXFileReference; includeInIndex = 1; lastKnownFileType = text.xcconfig; name = "Pods-PageControllerExample.release.xcconfig"; path = "Pods/Target Support Files/Pods-PageControllerExample/Pods-PageControllerExample.release.xcconfig"; sourceTree = "<group>"; };
		B6B2FEE63CF851F26E32F19B /* Pods-PageControllerExample.debug.xcconfig */ = {isa = PBXFileReference; includeInIndex = 1; lastKnownFileType = text.xcconfig; name = "Pods-PageControllerExample.debug.xcconfig"; path = "Pods/Target Support Files/Pods-PageControllerExample/Pods-PageControllerExample.debug.xcconfig"; sourceTree = "<group>"; };
		C37B52FD22115B6500FB2A1E /* PageController.swift */ = {isa = PBXFileReference; fileEncoding = 4; lastKnownFileType = sourcecode.swift; path = PageController.swift; sourceTree = "<group>"; };
		C37B52FE22115B6500FB2A1E /* ProtocolMethod.swift */ = {isa = PBXFileReference; fileEncoding = 4; lastKnownFileType = sourcecode.swift; path = ProtocolMethod.swift; sourceTree = "<group>"; };
		C37B52FF22115B6500FB2A1E /* EnumConfiguration.swift */ = {isa = PBXFileReference; fileEncoding = 4; lastKnownFileType = sourcecode.swift; path = EnumConfiguration.swift; sourceTree = "<group>"; };
		C37B530022115B6500FB2A1E /* ProgressView.swift */ = {isa = PBXFileReference; fileEncoding = 4; lastKnownFileType = sourcecode.swift; path = ProgressView.swift; sourceTree = "<group>"; };
		C37B530122115B6500FB2A1E /* MenuItem.swift */ = {isa = PBXFileReference; fileEncoding = 4; lastKnownFileType = sourcecode.swift; path = MenuItem.swift; sourceTree = "<group>"; };
		C37B530222115B6500FB2A1E /* MenuView.swift */ = {isa = PBXFileReference; fileEncoding = 4; lastKnownFileType = sourcecode.swift; path = MenuView.swift; sourceTree = "<group>"; };
		CD2453CE668F40E89618B12D /* Pods_PageControllerExample.framework */ = {isa = PBXFileReference; explicitFileType = wrapper.framework; includeInIndex = 0; path = Pods_PageControllerExample.framework; sourceTree = BUILT_PRODUCTS_DIR; };
/* End PBXFileReference section */

/* Begin PBXFrameworksBuildPhase section */
		A823155020527B24007527E4 /* Frameworks */ = {
			isa = PBXFrameworksBuildPhase;
			buildActionMask = 2147483647;
			files = (
				C5DB3BF67C85F1F456357D15 /* Pods_PageControllerExample.framework in Frameworks */,
			);
			runOnlyForDeploymentPostprocessing = 0;
		};
		A823156720527B24007527E4 /* Frameworks */ = {
			isa = PBXFrameworksBuildPhase;
			buildActionMask = 2147483647;
			files = (
			);
			runOnlyForDeploymentPostprocessing = 0;
		};
		A823157220527B24007527E4 /* Frameworks */ = {
			isa = PBXFrameworksBuildPhase;
			buildActionMask = 2147483647;
			files = (
			);
			runOnlyForDeploymentPostprocessing = 0;
		};
/* End PBXFrameworksBuildPhase section */

/* Begin PBXGroup section */
		90DACF9C5A9081C5F037C700 /* Pods */ = {
			isa = PBXGroup;
			children = (
				B6B2FEE63CF851F26E32F19B /* Pods-PageControllerExample.debug.xcconfig */,
				B02A6FEC9CA6F4E93AF8F71F /* Pods-PageControllerExample.release.xcconfig */,
			);
			name = Pods;
			sourceTree = "<group>";
		};
		A823154A20527B24007527E4 = {
			isa = PBXGroup;
			children = (
				C37B52FC22115B6500FB2A1E /* Classes */,
				A823155520527B24007527E4 /* PageControllerExample */,
				A823156D20527B24007527E4 /* PageControllerExampleTests */,
				A823157820527B24007527E4 /* PageControllerExampleUITests */,
				A823155420527B24007527E4 /* Products */,
				90DACF9C5A9081C5F037C700 /* Pods */,
				ED577197F3CDDDFA9F33F362 /* Frameworks */,
			);
			sourceTree = "<group>";
		};
		A823155420527B24007527E4 /* Products */ = {
			isa = PBXGroup;
			children = (
				A823155320527B24007527E4 /* PageControllerExample.app */,
				A823156A20527B24007527E4 /* PageControllerExampleTests.xctest */,
				A823157520527B24007527E4 /* PageControllerExampleUITests.xctest */,
			);
			name = Products;
			sourceTree = "<group>";
		};
		A823155520527B24007527E4 /* PageControllerExample */ = {
			isa = PBXGroup;
			children = (
				A823155620527B24007527E4 /* AppDelegate.swift */,
				A86857D52071D273000A3DEB /* ExampleController.swift */,
				A823155820527B24007527E4 /* ViewController.swift */,
				A801F7F9205F874200E66BD1 /* FirstViewController.swift */,
				A81F4737207354D600BEDBAF /* SecondController.swift */,
				A801F7F7205F47C500E66BD1 /* CustomViewController.swift */,
				A823155A20527B24007527E4 /* Main.storyboard */,
				A823156020527B24007527E4 /* Assets.xcassets */,
				A823156220527B24007527E4 /* LaunchScreen.storyboard */,
				A823156520527B24007527E4 /* Info.plist */,
				A823155D20527B24007527E4 /* PageControllerExample.xcdatamodeld */,
			);
			path = PageControllerExample;
			sourceTree = "<group>";
		};
		A823156D20527B24007527E4 /* PageControllerExampleTests */ = {
			isa = PBXGroup;
			children = (
				A823156E20527B24007527E4 /* PageControllerExampleTests.swift */,
				A823157020527B24007527E4 /* Info.plist */,
			);
			path = PageControllerExampleTests;
			sourceTree = "<group>";
		};
		A823157820527B24007527E4 /* PageControllerExampleUITests */ = {
			isa = PBXGroup;
			children = (
				A823157920527B24007527E4 /* PageControllerExampleUITests.swift */,
				A823157B20527B24007527E4 /* Info.plist */,
			);
			path = PageControllerExampleUITests;
			sourceTree = "<group>";
		};
		C37B52FC22115B6500FB2A1E /* Classes */ = {
			isa = PBXGroup;
			children = (
				C37B52FD22115B6500FB2A1E /* PageController.swift */,
				C37B52FE22115B6500FB2A1E /* ProtocolMethod.swift */,
				C37B52FF22115B6500FB2A1E /* EnumConfiguration.swift */,
				C37B530022115B6500FB2A1E /* ProgressView.swift */,
				C37B530122115B6500FB2A1E /* MenuItem.swift */,
				C37B530222115B6500FB2A1E /* MenuView.swift */,
			);
			name = Classes;
			path = ../Classes;
			sourceTree = "<group>";
		};
		ED577197F3CDDDFA9F33F362 /* Frameworks */ = {
			isa = PBXGroup;
			children = (
				CD2453CE668F40E89618B12D /* Pods_PageControllerExample.framework */,
			);
			name = Frameworks;
			sourceTree = "<group>";
		};
/* End PBXGroup section */

/* Begin PBXNativeTarget section */
		A823155220527B24007527E4 /* PageControllerExample */ = {
			isa = PBXNativeTarget;
			buildConfigurationList = A823157E20527B24007527E4 /* Build configuration list for PBXNativeTarget "PageControllerExample" */;
			buildPhases = (
				7FE55367F8067D4CBDEFD996 /* [CP] Check Pods Manifest.lock */,
				A823154F20527B24007527E4 /* Sources */,
				A823155020527B24007527E4 /* Frameworks */,
				A823155120527B24007527E4 /* Resources */,
				7C525E34AB5CDF1136C67C49 /* [CP] Embed Pods Frameworks */,
			);
			buildRules = (
			);
			dependencies = (
			);
			name = PageControllerExample;
			productName = PageControllerExample;
			productReference = A823155320527B24007527E4 /* PageControllerExample.app */;
			productType = "com.apple.product-type.application";
		};
		A823156920527B24007527E4 /* PageControllerExampleTests */ = {
			isa = PBXNativeTarget;
			buildConfigurationList = A823158120527B24007527E4 /* Build configuration list for PBXNativeTarget "PageControllerExampleTests" */;
			buildPhases = (
				A823156620527B24007527E4 /* Sources */,
				A823156720527B24007527E4 /* Frameworks */,
				A823156820527B24007527E4 /* Resources */,
			);
			buildRules = (
			);
			dependencies = (
				A823156C20527B24007527E4 /* PBXTargetDependency */,
			);
			name = PageControllerExampleTests;
			productName = PageControllerExampleTests;
			productReference = A823156A20527B24007527E4 /* PageControllerExampleTests.xctest */;
			productType = "com.apple.product-type.bundle.unit-test";
		};
		A823157420527B24007527E4 /* PageControllerExampleUITests */ = {
			isa = PBXNativeTarget;
			buildConfigurationList = A823158420527B24007527E4 /* Build configuration list for PBXNativeTarget "PageControllerExampleUITests" */;
			buildPhases = (
				A823157120527B24007527E4 /* Sources */,
				A823157220527B24007527E4 /* Frameworks */,
				A823157320527B24007527E4 /* Resources */,
			);
			buildRules = (
			);
			dependencies = (
				A823157720527B24007527E4 /* PBXTargetDependency */,
			);
			name = PageControllerExampleUITests;
			productName = PageControllerExampleUITests;
			productReference = A823157520527B24007527E4 /* PageControllerExampleUITests.xctest */;
			productType = "com.apple.product-type.bundle.ui-testing";
		};
/* End PBXNativeTarget section */

/* Begin PBXProject section */
		A823154B20527B24007527E4 /* Project object */ = {
			isa = PBXProject;
			attributes = {
				LastSwiftUpdateCheck = 0920;
				LastUpgradeCheck = 0920;
				ORGANIZATIONNAME = "郑小燕";
				TargetAttributes = {
					A823155220527B24007527E4 = {
						CreatedOnToolsVersion = 9.2;
						ProvisioningStyle = Automatic;
					};
					A823156920527B24007527E4 = {
						CreatedOnToolsVersion = 9.2;
						ProvisioningStyle = Automatic;
						TestTargetID = A823155220527B24007527E4;
					};
					A823157420527B24007527E4 = {
						CreatedOnToolsVersion = 9.2;
						ProvisioningStyle = Automatic;
						TestTargetID = A823155220527B24007527E4;
					};
				};
			};
			buildConfigurationList = A823154E20527B24007527E4 /* Build configuration list for PBXProject "PageControllerExample" */;
			compatibilityVersion = "Xcode 8.0";
			developmentRegion = en;
			hasScannedForEncodings = 0;
			knownRegions = (
				en,
				Base,
			);
			mainGroup = A823154A20527B24007527E4;
			productRefGroup = A823155420527B24007527E4 /* Products */;
			projectDirPath = "";
			projectRoot = "";
			targets = (
				A823155220527B24007527E4 /* PageControllerExample */,
				A823156920527B24007527E4 /* PageControllerExampleTests */,
				A823157420527B24007527E4 /* PageControllerExampleUITests */,
			);
		};
/* End PBXProject section */

/* Begin PBXResourcesBuildPhase section */
		A823155120527B24007527E4 /* Resources */ = {
			isa = PBXResourcesBuildPhase;
			buildActionMask = 2147483647;
			files = (
				A823156420527B24007527E4 /* LaunchScreen.storyboard in Resources */,
				A823156120527B24007527E4 /* Assets.xcassets in Resources */,
				A823155C20527B24007527E4 /* Main.storyboard in Resources */,
			);
			runOnlyForDeploymentPostprocessing = 0;
		};
		A823156820527B24007527E4 /* Resources */ = {
			isa = PBXResourcesBuildPhase;
			buildActionMask = 2147483647;
			files = (
			);
			runOnlyForDeploymentPostprocessing = 0;
		};
		A823157320527B24007527E4 /* Resources */ = {
			isa = PBXResourcesBuildPhase;
			buildActionMask = 2147483647;
			files = (
			);
			runOnlyForDeploymentPostprocessing = 0;
		};
/* End PBXResourcesBuildPhase section */

/* Begin PBXShellScriptBuildPhase section */
		7C525E34AB5CDF1136C67C49 /* [CP] Embed Pods Frameworks */ = {
			isa = PBXShellScriptBuildPhase;
			buildActionMask = 2147483647;
			files = (
			);
			inputFileListPaths = (
			);
			inputPaths = (
				"${SRCROOT}/Pods/Target Support Files/Pods-PageControllerExample/Pods-PageControllerExample-frameworks.sh",
				"${BUILT_PRODUCTS_DIR}/ZXPageController/ZXPageController.framework",
			);
			name = "[CP] Embed Pods Frameworks";
			outputFileListPaths = (
			);
			outputPaths = (
				"${TARGET_BUILD_DIR}/${FRAMEWORKS_FOLDER_PATH}/ZXPageController.framework",
			);
			runOnlyForDeploymentPostprocessing = 0;
			shellPath = /bin/sh;
			shellScript = "\"${SRCROOT}/Pods/Target Support Files/Pods-PageControllerExample/Pods-PageControllerExample-frameworks.sh\"\n";
			showEnvVarsInLog = 0;
		};
		7FE55367F8067D4CBDEFD996 /* [CP] Check Pods Manifest.lock */ = {
			isa = PBXShellScriptBuildPhase;
			buildActionMask = 2147483647;
			files = (
			);
			inputFileListPaths = (
			);
			inputPaths = (
				"${PODS_PODFILE_DIR_PATH}/Podfile.lock",
				"${PODS_ROOT}/Manifest.lock",
			);
			name = "[CP] Check Pods Manifest.lock";
			outputFileListPaths = (
			);
			outputPaths = (
				"$(DERIVED_FILE_DIR)/Pods-PageControllerExample-checkManifestLockResult.txt",
			);
			runOnlyForDeploymentPostprocessing = 0;
			shellPath = /bin/sh;
			shellScript = "diff \"${PODS_PODFILE_DIR_PATH}/Podfile.lock\" \"${PODS_ROOT}/Manifest.lock\" > /dev/null\nif [ $? != 0 ] ; then\n    # print error to STDERR\n    echo \"error: The sandbox is not in sync with the Podfile.lock. Run 'pod install' or update your CocoaPods installation.\" >&2\n    exit 1\nfi\n# This output is used by Xcode 'outputs' to avoid re-running this script phase.\necho \"SUCCESS\" > \"${SCRIPT_OUTPUT_FILE_0}\"\n";
			showEnvVarsInLog = 0;
		};
/* End PBXShellScriptBuildPhase section */

/* Begin PBXSourcesBuildPhase section */
		A823154F20527B24007527E4 /* Sources */ = {
			isa = PBXSourcesBuildPhase;
			buildActionMask = 2147483647;
			files = (
				C37B530322115B6500FB2A1E /* PageController.swift in Sources */,
				C37B530422115B6500FB2A1E /* ProtocolMethod.swift in Sources */,
				A801F7FA205F874200E66BD1 /* FirstViewController.swift in Sources */,
				A81F4738207354D600BEDBAF /* SecondController.swift in Sources */,
				A823155920527B24007527E4 /* ViewController.swift in Sources */,
				A823155F20527B24007527E4 /* PageControllerExample.xcdatamodeld in Sources */,
				A823155720527B24007527E4 /* AppDelegate.swift in Sources */,
				C37B530822115B6500FB2A1E /* MenuView.swift in Sources */,
				A801F7F8205F47C500E66BD1 /* CustomViewController.swift in Sources */,
				A86857D62071D273000A3DEB /* ExampleController.swift in Sources */,
				C37B530722115B6500FB2A1E /* MenuItem.swift in Sources */,
				C37B530522115B6500FB2A1E /* EnumConfiguration.swift in Sources */,
				C37B530622115B6500FB2A1E /* ProgressView.swift in Sources */,
			);
			runOnlyForDeploymentPostprocessing = 0;
		};
		A823156620527B24007527E4 /* Sources */ = {
			isa = PBXSourcesBuildPhase;
			buildActionMask = 2147483647;
			files = (
				A823156F20527B24007527E4 /* PageControllerExampleTests.swift in Sources */,
			);
			runOnlyForDeploymentPostprocessing = 0;
		};
		A823157120527B24007527E4 /* Sources */ = {
			isa = PBXSourcesBuildPhase;
			buildActionMask = 2147483647;
			files = (
				A823157A20527B24007527E4 /* PageControllerExampleUITests.swift in Sources */,
			);
			runOnlyForDeploymentPostprocessing = 0;
		};
/* End PBXSourcesBuildPhase section */

/* Begin PBXTargetDependency section */
		A823156C20527B24007527E4 /* PBXTargetDependency */ = {
			isa = PBXTargetDependency;
			target = A823155220527B24007527E4 /* PageControllerExample */;
			targetProxy = A823156B20527B24007527E4 /* PBXContainerItemProxy */;
		};
		A823157720527B24007527E4 /* PBXTargetDependency */ = {
			isa = PBXTargetDependency;
			target = A823155220527B24007527E4 /* PageControllerExample */;
			targetProxy = A823157620527B24007527E4 /* PBXContainerItemProxy */;
		};
/* End PBXTargetDependency section */

/* Begin PBXVariantGroup section */
		A823155A20527B24007527E4 /* Main.storyboard */ = {
			isa = PBXVariantGroup;
			children = (
				A823155B20527B24007527E4 /* Base */,
			);
			name = Main.storyboard;
			sourceTree = "<group>";
		};
		A823156220527B24007527E4 /* LaunchScreen.storyboard */ = {
			isa = PBXVariantGroup;
			children = (
				A823156320527B24007527E4 /* Base */,
			);
			name = LaunchScreen.storyboard;
			sourceTree = "<group>";
		};
/* End PBXVariantGroup section */

/* Begin XCBuildConfiguration section */
		A823157C20527B24007527E4 /* Debug */ = {
			isa = XCBuildConfiguration;
			buildSettings = {
				ALWAYS_SEARCH_USER_PATHS = NO;
				CLANG_ANALYZER_NONNULL = YES;
				CLANG_ANALYZER_NUMBER_OBJECT_CONVERSION = YES_AGGRESSIVE;
				CLANG_CXX_LANGUAGE_STANDARD = "gnu++14";
				CLANG_CXX_LIBRARY = "libc++";
				CLANG_ENABLE_MODULES = YES;
				CLANG_ENABLE_OBJC_ARC = YES;
				CLANG_WARN_BLOCK_CAPTURE_AUTORELEASING = YES;
				CLANG_WARN_BOOL_CONVERSION = YES;
				CLANG_WARN_COMMA = YES;
				CLANG_WARN_CONSTANT_CONVERSION = YES;
				CLANG_WARN_DIRECT_OBJC_ISA_USAGE = YES_ERROR;
				CLANG_WARN_DOCUMENTATION_COMMENTS = YES;
				CLANG_WARN_EMPTY_BODY = YES;
				CLANG_WARN_ENUM_CONVERSION = YES;
				CLANG_WARN_INFINITE_RECURSION = YES;
				CLANG_WARN_INT_CONVERSION = YES;
				CLANG_WARN_NON_LITERAL_NULL_CONVERSION = YES;
				CLANG_WARN_OBJC_LITERAL_CONVERSION = YES;
				CLANG_WARN_OBJC_ROOT_CLASS = YES_ERROR;
				CLANG_WARN_RANGE_LOOP_ANALYSIS = YES;
				CLANG_WARN_STRICT_PROTOTYPES = YES;
				CLANG_WARN_SUSPICIOUS_MOVE = YES;
				CLANG_WARN_UNGUARDED_AVAILABILITY = YES_AGGRESSIVE;
				CLANG_WARN_UNREACHABLE_CODE = YES;
				CLANG_WARN__DUPLICATE_METHOD_MATCH = YES;
				CODE_SIGN_IDENTITY = "iPhone Developer";
				COPY_PHASE_STRIP = NO;
				DEBUG_INFORMATION_FORMAT = dwarf;
				ENABLE_STRICT_OBJC_MSGSEND = YES;
				ENABLE_TESTABILITY = YES;
				GCC_C_LANGUAGE_STANDARD = gnu11;
				GCC_DYNAMIC_NO_PIC = NO;
				GCC_NO_COMMON_BLOCKS = YES;
				GCC_OPTIMIZATION_LEVEL = 0;
				GCC_PREPROCESSOR_DEFINITIONS = (
					"DEBUG=1",
					"$(inherited)",
				);
				GCC_WARN_64_TO_32_BIT_CONVERSION = YES;
				GCC_WARN_ABOUT_RETURN_TYPE = YES_ERROR;
				GCC_WARN_UNDECLARED_SELECTOR = YES;
				GCC_WARN_UNINITIALIZED_AUTOS = YES_AGGRESSIVE;
				GCC_WARN_UNUSED_FUNCTION = YES;
				GCC_WARN_UNUSED_VARIABLE = YES;
				IPHONEOS_DEPLOYMENT_TARGET = 11.2;
				MTL_ENABLE_DEBUG_INFO = YES;
				ONLY_ACTIVE_ARCH = YES;
				SDKROOT = iphoneos;
				SWIFT_ACTIVE_COMPILATION_CONDITIONS = DEBUG;
				SWIFT_OPTIMIZATION_LEVEL = "-Onone";
			};
			name = Debug;
		};
		A823157D20527B24007527E4 /* Release */ = {
			isa = XCBuildConfiguration;
			buildSettings = {
				ALWAYS_SEARCH_USER_PATHS = NO;
				CLANG_ANALYZER_NONNULL = YES;
				CLANG_ANALYZER_NUMBER_OBJECT_CONVERSION = YES_AGGRESSIVE;
				CLANG_CXX_LANGUAGE_STANDARD = "gnu++14";
				CLANG_CXX_LIBRARY = "libc++";
				CLANG_ENABLE_MODULES = YES;
				CLANG_ENABLE_OBJC_ARC = YES;
				CLANG_WARN_BLOCK_CAPTURE_AUTORELEASING = YES;
				CLANG_WARN_BOOL_CONVERSION = YES;
				CLANG_WARN_COMMA = YES;
				CLANG_WARN_CONSTANT_CONVERSION = YES;
				CLANG_WARN_DIRECT_OBJC_ISA_USAGE = YES_ERROR;
				CLANG_WARN_DOCUMENTATION_COMMENTS = YES;
				CLANG_WARN_EMPTY_BODY = YES;
				CLANG_WARN_ENUM_CONVERSION = YES;
				CLANG_WARN_INFINITE_RECURSION = YES;
				CLANG_WARN_INT_CONVERSION = YES;
				CLANG_WARN_NON_LITERAL_NULL_CONVERSION = YES;
				CLANG_WARN_OBJC_LITERAL_CONVERSION = YES;
				CLANG_WARN_OBJC_ROOT_CLASS = YES_ERROR;
				CLANG_WARN_RANGE_LOOP_ANALYSIS = YES;
				CLANG_WARN_STRICT_PROTOTYPES = YES;
				CLANG_WARN_SUSPICIOUS_MOVE = YES;
				CLANG_WARN_UNGUARDED_AVAILABILITY = YES_AGGRESSIVE;
				CLANG_WARN_UNREACHABLE_CODE = YES;
				CLANG_WARN__DUPLICATE_METHOD_MATCH = YES;
				CODE_SIGN_IDENTITY = "iPhone Developer";
				COPY_PHASE_STRIP = NO;
				DEBUG_INFORMATION_FORMAT = "dwarf-with-dsym";
				ENABLE_NS_ASSERTIONS = NO;
				ENABLE_STRICT_OBJC_MSGSEND = YES;
				GCC_C_LANGUAGE_STANDARD = gnu11;
				GCC_NO_COMMON_BLOCKS = YES;
				GCC_WARN_64_TO_32_BIT_CONVERSION = YES;
				GCC_WARN_ABOUT_RETURN_TYPE = YES_ERROR;
				GCC_WARN_UNDECLARED_SELECTOR = YES;
				GCC_WARN_UNINITIALIZED_AUTOS = YES_AGGRESSIVE;
				GCC_WARN_UNUSED_FUNCTION = YES;
				GCC_WARN_UNUSED_VARIABLE = YES;
				IPHONEOS_DEPLOYMENT_TARGET = 11.2;
				MTL_ENABLE_DEBUG_INFO = NO;
				SDKROOT = iphoneos;
				SWIFT_OPTIMIZATION_LEVEL = "-Owholemodule";
				VALIDATE_PRODUCT = YES;
			};
			name = Release;
		};
		A823157F20527B24007527E4 /* Debug */ = {
			isa = XCBuildConfiguration;
			baseConfigurationReference = B6B2FEE63CF851F26E32F19B /* Pods-PageControllerExample.debug.xcconfig */;
			buildSettings = {
				ASSETCATALOG_COMPILER_APPICON_NAME = AppIcon;
				CODE_SIGN_STYLE = Automatic;
				DEVELOPMENT_TEAM = 6LKG8KB2H6;
				INFOPLIST_FILE = PageControllerExample/Info.plist;
				IPHONEOS_DEPLOYMENT_TARGET = 11.0;
				LD_RUNPATH_SEARCH_PATHS = "$(inherited) @executable_path/Frameworks";
				PRODUCT_BUNDLE_IDENTIFIER = "---.PageControllerExample";
				PRODUCT_NAME = "$(TARGET_NAME)";
				SWIFT_VERSION = 4.0;
				TARGETED_DEVICE_FAMILY = "1,2";
			};
			name = Debug;
		};
		A823158020527B24007527E4 /* Release */ = {
			isa = XCBuildConfiguration;
			baseConfigurationReference = B02A6FEC9CA6F4E93AF8F71F /* Pods-PageControllerExample.release.xcconfig */;
			buildSettings = {
				ASSETCATALOG_COMPILER_APPICON_NAME = AppIcon;
				CODE_SIGN_STYLE = Automatic;
				DEVELOPMENT_TEAM = 6LKG8KB2H6;
				INFOPLIST_FILE = PageControllerExample/Info.plist;
				IPHONEOS_DEPLOYMENT_TARGET = 11.0;
				LD_RUNPATH_SEARCH_PATHS = "$(inherited) @executable_path/Frameworks";
				PRODUCT_BUNDLE_IDENTIFIER = "---.PageControllerExample";
				PRODUCT_NAME = "$(TARGET_NAME)";
				SWIFT_VERSION = 4.0;
				TARGETED_DEVICE_FAMILY = "1,2";
			};
			name = Release;
		};
		A823158220527B24007527E4 /* Debug */ = {
			isa = XCBuildConfiguration;
			buildSettings = {
				ALWAYS_EMBED_SWIFT_STANDARD_LIBRARIES = YES;
				BUNDLE_LOADER = "$(TEST_HOST)";
				CODE_SIGN_STYLE = Automatic;
				DEVELOPMENT_TEAM = S4SZ64K3RL;
				INFOPLIST_FILE = PageControllerExampleTests/Info.plist;
				LD_RUNPATH_SEARCH_PATHS = "$(inherited) @executable_path/Frameworks @loader_path/Frameworks";
				PRODUCT_BUNDLE_IDENTIFIER = "---.PageControllerExampleTests";
				PRODUCT_NAME = "$(TARGET_NAME)";
				SWIFT_VERSION = 4.0;
				TARGETED_DEVICE_FAMILY = "1,2";
				TEST_HOST = "$(BUILT_PRODUCTS_DIR)/PageControllerExample.app/PageControllerExample";
			};
			name = Debug;
		};
		A823158320527B24007527E4 /* Release */ = {
			isa = XCBuildConfiguration;
			buildSettings = {
				ALWAYS_EMBED_SWIFT_STANDARD_LIBRARIES = YES;
				BUNDLE_LOADER = "$(TEST_HOST)";
				CODE_SIGN_STYLE = Automatic;
				DEVELOPMENT_TEAM = S4SZ64K3RL;
				INFOPLIST_FILE = PageControllerExampleTests/Info.plist;
				LD_RUNPATH_SEARCH_PATHS = "$(inherited) @executable_path/Frameworks @loader_path/Frameworks";
				PRODUCT_BUNDLE_IDENTIFIER = "---.PageControllerExampleTests";
				PRODUCT_NAME = "$(TARGET_NAME)";
				SWIFT_VERSION = 4.0;
				TARGETED_DEVICE_FAMILY = "1,2";
				TEST_HOST = "$(BUILT_PRODUCTS_DIR)/PageControllerExample.app/PageControllerExample";
			};
			name = Release;
		};
		A823158520527B24007527E4 /* Debug */ = {
			isa = XCBuildConfiguration;
			buildSettings = {
				ALWAYS_EMBED_SWIFT_STANDARD_LIBRARIES = YES;
				CODE_SIGN_STYLE = Automatic;
				DEVELOPMENT_TEAM = S4SZ64K3RL;
				INFOPLIST_FILE = PageControllerExampleUITests/Info.plist;
				LD_RUNPATH_SEARCH_PATHS = "$(inherited) @executable_path/Frameworks @loader_path/Frameworks";
				PRODUCT_BUNDLE_IDENTIFIER = "---.PageControllerExampleUITests";
				PRODUCT_NAME = "$(TARGET_NAME)";
				SWIFT_VERSION = 4.0;
				TARGETED_DEVICE_FAMILY = "1,2";
				TEST_TARGET_NAME = PageControllerExample;
			};
			name = Debug;
		};
		A823158620527B24007527E4 /* Release */ = {
			isa = XCBuildConfiguration;
			buildSettings = {
				ALWAYS_EMBED_SWIFT_STANDARD_LIBRARIES = YES;
				CODE_SIGN_STYLE = Automatic;
				DEVELOPMENT_TEAM = S4SZ64K3RL;
				INFOPLIST_FILE = PageControllerExampleUITests/Info.plist;
				LD_RUNPATH_SEARCH_PATHS = "$(inherited) @executable_path/Frameworks @loader_path/Frameworks";
				PRODUCT_BUNDLE_IDENTIFIER = "---.PageControllerExampleUITests";
				PRODUCT_NAME = "$(TARGET_NAME)";
				SWIFT_VERSION = 4.0;
				TARGETED_DEVICE_FAMILY = "1,2";
				TEST_TARGET_NAME = PageControllerExample;
			};
			name = Release;
		};
/* End XCBuildConfiguration section */

/* Begin XCConfigurationList section */
		A823154E20527B24007527E4 /* Build configuration list for PBXProject "PageControllerExample" */ = {
			isa = XCConfigurationList;
			buildConfigurations = (
				A823157C20527B24007527E4 /* Debug */,
				A823157D20527B24007527E4 /* Release */,
			);
			defaultConfigurationIsVisible = 0;
			defaultConfigurationName = Release;
		};
		A823157E20527B24007527E4 /* Build configuration list for PBXNativeTarget "PageControllerExample" */ = {
			isa = XCConfigurationList;
			buildConfigurations = (
				A823157F20527B24007527E4 /* Debug */,
				A823158020527B24007527E4 /* Release */,
			);
			defaultConfigurationIsVisible = 0;
			defaultConfigurationName = Release;
		};
		A823158120527B24007527E4 /* Build configuration list for PBXNativeTarget "PageControllerExampleTests" */ = {
			isa = XCConfigurationList;
			buildConfigurations = (
				A823158220527B24007527E4 /* Debug */,
				A823158320527B24007527E4 /* Release */,
			);
			defaultConfigurationIsVisible = 0;
			defaultConfigurationName = Release;
		};
		A823158420527B24007527E4 /* Build configuration list for PBXNativeTarget "PageControllerExampleUITests" */ = {
			isa = XCConfigurationList;
			buildConfigurations = (
				A823158520527B24007527E4 /* Debug */,
				A823158620527B24007527E4 /* Release */,
			);
			defaultConfigurationIsVisible = 0;
			defaultConfigurationName = Release;
		};
/* End XCConfigurationList section */

/* Begin XCVersionGroup section */
		A823155D20527B24007527E4 /* PageControllerExample.xcdatamodeld */ = {
			isa = XCVersionGroup;
			children = (
				A823155E20527B24007527E4 /* PageControllerExample.xcdatamodel */,
			);
			currentVersion = A823155E20527B24007527E4 /* PageControllerExample.xcdatamodel */;
			path = PageControllerExample.xcdatamodeld;
			sourceTree = "<group>";
			versionGroupType = wrapper.xcdatamodel;
		};
/* End XCVersionGroup section */
	};
	rootObject = A823154B20527B24007527E4 /* Project object */;
}
